// !$*UTF8*$!
{
	archiveVersion = 1;
	classes = {
	};
	objectVersion = 55;
	objects = {

/* Begin PBXBuildFile section */
		1BCFB3C7E3E14AD03166836A /* Pods_ChartsDemo.framework in Frameworks */ = {isa = PBXBuildFile; fileRef = 5CE644D7AAB6C2B113AC4F3B /* Pods_ChartsDemo.framework */; };
		9A514C9627AFAD6A009C431C /* AppleSharesOneYear.json in Resources */ = {isa = PBXBuildFile; fileRef = 9A514C9527AFAD6A009C431C /* AppleSharesOneYear.json */; };
		9A514C9827AFB05D009C431C /* StockEntry.swift in Sources */ = {isa = PBXBuildFile; fileRef = 9A514C9727AFB05D009C431C /* StockEntry.swift */; };
		9A73AA1F27AF511700966BFE /* AppDelegate.swift in Sources */ = {isa = PBXBuildFile; fileRef = 9A73AA1E27AF511700966BFE /* AppDelegate.swift */; };
		9A73AA2127AF511700966BFE /* SceneDelegate.swift in Sources */ = {isa = PBXBuildFile; fileRef = 9A73AA2027AF511700966BFE /* SceneDelegate.swift */; };
		9A73AA2327AF511700966BFE /* ViewController.swift in Sources */ = {isa = PBXBuildFile; fileRef = 9A73AA2227AF511700966BFE /* ViewController.swift */; };
		9A73AA2627AF511700966BFE /* Main.storyboard in Resources */ = {isa = PBXBuildFile; fileRef = 9A73AA2427AF511700966BFE /* Main.storyboard */; };
		9A73AA2827AF511A00966BFE /* Assets.xcassets in Resources */ = {isa = PBXBuildFile; fileRef = 9A73AA2727AF511A00966BFE /* Assets.xcassets */; };
		9A73AA2B27AF511A00966BFE /* LaunchScreen.storyboard in Resources */ = {isa = PBXBuildFile; fileRef = 9A73AA2927AF511A00966BFE /* LaunchScreen.storyboard */; };
		9AC00C3927B33B3200608564 /* AppleSharesOneMonth.json in Resources */ = {isa = PBXBuildFile; fileRef = 9AC00C3827B33B3200608564 /* AppleSharesOneMonth.json */; };
		9AC00C3B27B33BA800608564 /* AppleSharesOneWeek.json in Resources */ = {isa = PBXBuildFile; fileRef = 9AC00C3A27B33BA800608564 /* AppleSharesOneWeek.json */; };
		9AC00C3D27B33BBD00608564 /* AppleSharesOneDay.json in Resources */ = {isa = PBXBuildFile; fileRef = 9AC00C3C27B33BBD00608564 /* AppleSharesOneDay.json */; };
		9AC00C3F27B33C1B00608564 /* AppleSharesOneHour.json in Resources */ = {isa = PBXBuildFile; fileRef = 9AC00C3E27B33C1B00608564 /* AppleSharesOneHour.json */; };
/* End PBXBuildFile section */

/* Begin PBXFileReference section */
		47DFFE49A8DCBF3B540B4B20 /* Pods-ChartsDemo.release.xcconfig */ = {isa = PBXFileReference; includeInIndex = 1; lastKnownFileType = text.xcconfig; name = "Pods-ChartsDemo.release.xcconfig"; path = "Target Support Files/Pods-ChartsDemo/Pods-ChartsDemo.release.xcconfig"; sourceTree = "<group>"; };
		5CE644D7AAB6C2B113AC4F3B /* Pods_ChartsDemo.framework */ = {isa = PBXFileReference; explicitFileType = wrapper.framework; includeInIndex = 0; path = Pods_ChartsDemo.framework; sourceTree = BUILT_PRODUCTS_DIR; };
		9A514C9527AFAD6A009C431C /* AppleSharesOneYear.json */ = {isa = PBXFileReference; lastKnownFileType = text.json; path = AppleSharesOneYear.json; sourceTree = "<group>"; };
		9A514C9727AFB05D009C431C /* StockEntry.swift */ = {isa = PBXFileReference; lastKnownFileType = sourcecode.swift; path = StockEntry.swift; sourceTree = "<group>"; };
		9A73AA1B27AF511700966BFE /* ChartsDemo.app */ = {isa = PBXFileReference; explicitFileType = wrapper.application; includeInIndex = 0; path = ChartsDemo.app; sourceTree = BUILT_PRODUCTS_DIR; };
		9A73AA1E27AF511700966BFE /* AppDelegate.swift */ = {isa = PBXFileReference; lastKnownFileType = sourcecode.swift; path = AppDelegate.swift; sourceTree = "<group>"; };
		9A73AA2027AF511700966BFE /* SceneDelegate.swift */ = {isa = PBXFileReference; lastKnownFileType = sourcecode.swift; path = SceneDelegate.swift; sourceTree = "<group>"; };
		9A73AA2227AF511700966BFE /* ViewController.swift */ = {isa = PBXFileReference; lastKnownFileType = sourcecode.swift; path = ViewController.swift; sourceTree = "<group>"; };
		9A73AA2527AF511700966BFE /* Base */ = {isa = PBXFileReference; lastKnownFileType = file.storyboard; name = Base; path = Base.lproj/Main.storyboard; sourceTree = "<group>"; };
		9A73AA2727AF511A00966BFE /* Assets.xcassets */ = {isa = PBXFileReference; lastKnownFileType = folder.assetcatalog; path = Assets.xcassets; sourceTree = "<group>"; };
		9A73AA2A27AF511A00966BFE /* Base */ = {isa = PBXFileReference; lastKnownFileType = file.storyboard; name = Base; path = Base.lproj/LaunchScreen.storyboard; sourceTree = "<group>"; };
		9A73AA2C27AF511A00966BFE /* Info.plist */ = {isa = PBXFileReference; lastKnownFileType = text.plist.xml; path = Info.plist; sourceTree = "<group>"; };
		9AC00C3827B33B3200608564 /* AppleSharesOneMonth.json */ = {isa = PBXFileReference; lastKnownFileType = text.json; path = AppleSharesOneMonth.json; sourceTree = "<group>"; };
		9AC00C3A27B33BA800608564 /* AppleSharesOneWeek.json */ = {isa = PBXFileReference; lastKnownFileType = text.json; path = AppleSharesOneWeek.json; sourceTree = "<group>"; };
		9AC00C3C27B33BBD00608564 /* AppleSharesOneDay.json */ = {isa = PBXFileReference; lastKnownFileType = text.json; path = AppleSharesOneDay.json; sourceTree = "<group>"; };
		9AC00C3E27B33C1B00608564 /* AppleSharesOneHour.json */ = {isa = PBXFileReference; lastKnownFileType = text.json; path = AppleSharesOneHour.json; sourceTree = "<group>"; };
		B05A29A22CD821111A15E615 /* Pods-ChartsDemo.debug.xcconfig */ = {isa = PBXFileReference; includeInIndex = 1; lastKnownFileType = text.xcconfig; name = "Pods-ChartsDemo.debug.xcconfig"; path = "Target Support Files/Pods-ChartsDemo/Pods-ChartsDemo.debug.xcconfig"; sourceTree = "<group>"; };
/* End PBXFileReference section */

/* Begin PBXFrameworksBuildPhase section */
		9A73AA1827AF511700966BFE /* Frameworks */ = {
			isa = PBXFrameworksBuildPhase;
			buildActionMask = 2147483647;
			files = (
				1BCFB3C7E3E14AD03166836A /* Pods_ChartsDemo.framework in Frameworks */,
			);
			runOnlyForDeploymentPostprocessing = 0;
		};
/* End PBXFrameworksBuildPhase section */

/* Begin PBXGroup section */
		0E73CE5B74D7E5A7C7EFE378 /* Frameworks */ = {
			isa = PBXGroup;
			children = (
				5CE644D7AAB6C2B113AC4F3B /* Pods_ChartsDemo.framework */,
			);
			name = Frameworks;
			sourceTree = "<group>";
		};
		3A6D29C6EE46A59AA8B7754D /* Pods */ = {
			isa = PBXGroup;
			children = (
				B05A29A22CD821111A15E615 /* Pods-ChartsDemo.debug.xcconfig */,
				47DFFE49A8DCBF3B540B4B20 /* Pods-ChartsDemo.release.xcconfig */,
			);
			path = Pods;
			sourceTree = "<group>";
		};
		9A514C9327AFAD16009C431C /* Resources */ = {
			isa = PBXGroup;
			children = (
				9A514C9427AFAD2A009C431C /* ChartData */,
			);
			path = Resources;
			sourceTree = "<group>";
		};
		9A514C9427AFAD2A009C431C /* ChartData */ = {
			isa = PBXGroup;
			children = (
				9A514C9527AFAD6A009C431C /* AppleSharesOneYear.json */,
				9AC00C3827B33B3200608564 /* AppleSharesOneMonth.json */,
				9AC00C3A27B33BA800608564 /* AppleSharesOneWeek.json */,
				9AC00C3C27B33BBD00608564 /* AppleSharesOneDay.json */,
				9AC00C3E27B33C1B00608564 /* AppleSharesOneHour.json */,
			);
			path = ChartData;
			sourceTree = "<group>";
		};
		9A73AA1227AF511700966BFE = {
			isa = PBXGroup;
			children = (
				9A73AA1D27AF511700966BFE /* ChartsDemo */,
				9A73AA1C27AF511700966BFE /* Products */,
				3A6D29C6EE46A59AA8B7754D /* Pods */,
				0E73CE5B74D7E5A7C7EFE378 /* Frameworks */,
			);
			sourceTree = "<group>";
		};
		9A73AA1C27AF511700966BFE /* Products */ = {
			isa = PBXGroup;
			children = (
				9A73AA1B27AF511700966BFE /* ChartsDemo.app */,
			);
			name = Products;
			sourceTree = "<group>";
		};
		9A73AA1D27AF511700966BFE /* ChartsDemo */ = {
			isa = PBXGroup;
			children = (
				9A514C9327AFAD16009C431C /* Resources */,
				9A73AA1E27AF511700966BFE /* AppDelegate.swift */,
				9A73AA2027AF511700966BFE /* SceneDelegate.swift */,
				9A73AA2227AF511700966BFE /* ViewController.swift */,
				9A73AA2427AF511700966BFE /* Main.storyboard */,
				9A73AA2727AF511A00966BFE /* Assets.xcassets */,
				9A73AA2927AF511A00966BFE /* LaunchScreen.storyboard */,
				9A73AA2C27AF511A00966BFE /* Info.plist */,
				9A514C9727AFB05D009C431C /* StockEntry.swift */,
			);
			path = ChartsDemo;
			sourceTree = "<group>";
		};
/* End PBXGroup section */

/* Begin PBXNativeTarget section */
		9A73AA1A27AF511700966BFE /* ChartsDemo */ = {
			isa = PBXNativeTarget;
			buildConfigurationList = 9A73AA2F27AF511A00966BFE /* Build configuration list for PBXNativeTarget "ChartsDemo" */;
			buildPhases = (
				7D6EA55AB1C77E78B740737A /* [CP] Check Pods Manifest.lock */,
				9A73AA1727AF511700966BFE /* Sources */,
				9A73AA1827AF511700966BFE /* Frameworks */,
				9A73AA1927AF511700966BFE /* Resources */,
				DA47FC4EE5A745BAD98BBC2F /* [CP] Embed Pods Frameworks */,
			);
			buildRules = (
			);
			dependencies = (
			);
			name = ChartsDemo;
			productName = ChartsDemo;
			productReference = 9A73AA1B27AF511700966BFE /* ChartsDemo.app */;
			productType = "com.apple.product-type.application";
		};
/* End PBXNativeTarget section */

/* Begin PBXProject section */
		9A73AA1327AF511700966BFE /* Project object */ = {
			isa = PBXProject;
			attributes = {
				BuildIndependentTargetsInParallel = 1;
				LastSwiftUpdateCheck = 1320;
				LastUpgradeCheck = 1320;
				TargetAttributes = {
					9A73AA1A27AF511700966BFE = {
						CreatedOnToolsVersion = 13.2.1;
					};
				};
			};
			buildConfigurationList = 9A73AA1627AF511700966BFE /* Build configuration list for PBXProject "ChartsDemo" */;
			compatibilityVersion = "Xcode 13.0";
			developmentRegion = en;
			hasScannedForEncodings = 0;
			knownRegions = (
				en,
				Base,
			);
			mainGroup = 9A73AA1227AF511700966BFE;
			productRefGroup = 9A73AA1C27AF511700966BFE /* Products */;
			projectDirPath = "";
			projectRoot = "";
			targets = (
				9A73AA1A27AF511700966BFE /* ChartsDemo */,
			);
		};
/* End PBXProject section */

/* Begin PBXResourcesBuildPhase section */
		9A73AA1927AF511700966BFE /* Resources */ = {
			isa = PBXResourcesBuildPhase;
			buildActionMask = 2147483647;
			files = (
				9A73AA2B27AF511A00966BFE /* LaunchScreen.storyboard in Resources */,
				9A73AA2827AF511A00966BFE /* Assets.xcassets in Resources */,
				9AC00C3927B33B3200608564 /* AppleSharesOneMonth.json in Resources */,
				9A514C9627AFAD6A009C431C /* AppleSharesOneYear.json in Resources */,
				9A73AA2627AF511700966BFE /* Main.storyboard in Resources */,
				9AC00C3B27B33BA800608564 /* AppleSharesOneWeek.json in Resources */,
				9AC00C3D27B33BBD00608564 /* AppleSharesOneDay.json in Resources */,
				9AC00C3F27B33C1B00608564 /* AppleSharesOneHour.json in Resources */,
			);
			runOnlyForDeploymentPostprocessing = 0;
		};
/* End PBXResourcesBuildPhase section */

/* Begin PBXShellScriptBuildPhase section */
		7D6EA55AB1C77E78B740737A /* [CP] Check Pods Manifest.lock */ = {
			isa = PBXShellScriptBuildPhase;
			buildActionMask = 2147483647;
			files = (
			);
			inputFileListPaths = (
			);
			inputPaths = (
				"${PODS_PODFILE_DIR_PATH}/Podfile.lock",
				"${PODS_ROOT}/Manifest.lock",
			);
			name = "[CP] Check Pods Manifest.lock";
			outputFileListPaths = (
			);
			outputPaths = (
				"$(DERIVED_FILE_DIR)/Pods-ChartsDemo-checkManifestLockResult.txt",
			);
			runOnlyForDeploymentPostprocessing = 0;
			shellPath = /bin/sh;
			shellScript = "diff \"${PODS_PODFILE_DIR_PATH}/Podfile.lock\" \"${PODS_ROOT}/Manifest.lock\" > /dev/null\nif [ $? != 0 ] ; then\n    # print error to STDERR\n    echo \"error: The sandbox is not in sync with the Podfile.lock. Run 'pod install' or update your CocoaPods installation.\" >&2\n    exit 1\nfi\n# This output is used by Xcode 'outputs' to avoid re-running this script phase.\necho \"SUCCESS\" > \"${SCRIPT_OUTPUT_FILE_0}\"\n";
			showEnvVarsInLog = 0;
		};
		DA47FC4EE5A745BAD98BBC2F /* [CP] Embed Pods Frameworks */ = {
			isa = PBXShellScriptBuildPhase;
			buildActionMask = 2147483647;
			files = (
			);
			inputFileListPaths = (
				"${PODS_ROOT}/Target Support Files/Pods-ChartsDemo/Pods-ChartsDemo-frameworks-${CONFIGURATION}-input-files.xcfilelist",
			);
			name = "[CP] Embed Pods Frameworks";
			outputFileListPaths = (
				"${PODS_ROOT}/Target Support Files/Pods-ChartsDemo/Pods-ChartsDemo-frameworks-${CONFIGURATION}-output-files.xcfilelist",
			);
			runOnlyForDeploymentPostprocessing = 0;
			shellPath = /bin/sh;
			shellScript = "\"${PODS_ROOT}/Target Support Files/Pods-ChartsDemo/Pods-ChartsDemo-frameworks.sh\"\n";
			showEnvVarsInLog = 0;
		};
/* End PBXShellScriptBuildPhase section */

/* Begin PBXSourcesBuildPhase section */
		9A73AA1727AF511700966BFE /* Sources */ = {
			isa = PBXSourcesBuildPhase;
			buildActionMask = 2147483647;
			files = (
				9A73AA2327AF511700966BFE /* ViewController.swift in Sources */,
				9A73AA1F27AF511700966BFE /* AppDelegate.swift in Sources */,
				9A514C9827AFB05D009C431C /* StockEntry.swift in Sources */,
				9A73AA2127AF511700966BFE /* SceneDelegate.swift in Sources */,
			);
			runOnlyForDeploymentPostprocessing = 0;
		};
/* End PBXSourcesBuildPhase section */

/* Begin PBXVariantGroup section */
		9A73AA2427AF511700966BFE /* Main.storyboard */ = {
			isa = PBXVariantGroup;
			children = (
				9A73AA2527AF511700966BFE /* Base */,
			);
			name = Main.storyboard;
			sourceTree = "<group>";
		};
		9A73AA2927AF511A00966BFE /* LaunchScreen.storyboard */ = {
			isa = PBXVariantGroup;
			children = (
				9A73AA2A27AF511A00966BFE /* Base */,
			);
			name = LaunchScreen.storyboard;
			sourceTree = "<group>";
		};
/* End PBXVariantGroup section */

/* Begin XCBuildConfiguration section */
		9A73AA2D27AF511A00966BFE /* Debug */ = {
			isa = XCBuildConfiguration;
			buildSettings = {
				ALWAYS_SEARCH_USER_PATHS = NO;
				CLANG_ANALYZER_NONNULL = YES;
				CLANG_ANALYZER_NUMBER_OBJECT_CONVERSION = YES_AGGRESSIVE;
				CLANG_CXX_LANGUAGE_STANDARD = "gnu++17";
				CLANG_CXX_LIBRARY = "libc++";
				CLANG_ENABLE_MODULES = YES;
				CLANG_ENABLE_OBJC_ARC = YES;
				CLANG_ENABLE_OBJC_WEAK = YES;
				CLANG_WARN_BLOCK_CAPTURE_AUTORELEASING = YES;
				CLANG_WARN_BOOL_CONVERSION = YES;
				CLANG_WARN_COMMA = YES;
				CLANG_WARN_CONSTANT_CONVERSION = YES;
				CLANG_WARN_DEPRECATED_OBJC_IMPLEMENTATIONS = YES;
				CLANG_WARN_DIRECT_OBJC_ISA_USAGE = YES_ERROR;
				CLANG_WARN_DOCUMENTATION_COMMENTS = YES;
				CLANG_WARN_EMPTY_BODY = YES;
				CLANG_WARN_ENUM_CONVERSION = YES;
				CLANG_WARN_INFINITE_RECURSION = YES;
				CLANG_WARN_INT_CONVERSION = YES;
				CLANG_WARN_NON_LITERAL_NULL_CONVERSION = YES;
				CLANG_WARN_OBJC_IMPLICIT_RETAIN_SELF = YES;
				CLANG_WARN_OBJC_LITERAL_CONVERSION = YES;
				CLANG_WARN_OBJC_ROOT_CLASS = YES_ERROR;
				CLANG_WARN_QUOTED_INCLUDE_IN_FRAMEWORK_HEADER = YES;
				CLANG_WARN_RANGE_LOOP_ANALYSIS = YES;
				CLANG_WARN_STRICT_PROTOTYPES = YES;
				CLANG_WARN_SUSPICIOUS_MOVE = YES;
				CLANG_WARN_UNGUARDED_AVAILABILITY = YES_AGGRESSIVE;
				CLANG_WARN_UNREACHABLE_CODE = YES;
				CLANG_WARN__DUPLICATE_METHOD_MATCH = YES;
				COPY_PHASE_STRIP = NO;
				DEBUG_INFORMATION_FORMAT = dwarf;
				ENABLE_STRICT_OBJC_MSGSEND = YES;
				ENABLE_TESTABILITY = YES;
				GCC_C_LANGUAGE_STANDARD = gnu11;
				GCC_DYNAMIC_NO_PIC = NO;
				GCC_NO_COMMON_BLOCKS = YES;
				GCC_OPTIMIZATION_LEVEL = 0;
				GCC_PREPROCESSOR_DEFINITIONS = (
					"DEBUG=1",
					"$(inherited)",
				);
				GCC_WARN_64_TO_32_BIT_CONVERSION = YES;
				GCC_WARN_ABOUT_RETURN_TYPE = YES_ERROR;
				GCC_WARN_UNDECLARED_SELECTOR = YES;
				GCC_WARN_UNINITIALIZED_AUTOS = YES_AGGRESSIVE;
				GCC_WARN_UNUSED_FUNCTION = YES;
				GCC_WARN_UNUSED_VARIABLE = YES;
				IPHONEOS_DEPLOYMENT_TARGET = 15.0;
				MTL_ENABLE_DEBUG_INFO = INCLUDE_SOURCE;
				MTL_FAST_MATH = YES;
				ONLY_ACTIVE_ARCH = YES;
				SDKROOT = iphoneos;
				SWIFT_ACTIVE_COMPILATION_CONDITIONS = DEBUG;
				SWIFT_OPTIMIZATION_LEVEL = "-Onone";
			};
			name = Debug;
		};
		9A73AA2E27AF511A00966BFE /* Release */ = {
			isa = XCBuildConfiguration;
			buildSettings = {
				ALWAYS_SEARCH_USER_PATHS = NO;
				CLANG_ANALYZER_NONNULL = YES;
				CLANG_ANALYZER_NUMBER_OBJECT_CONVERSION = YES_AGGRESSIVE;
				CLANG_CXX_LANGUAGE_STANDARD = "gnu++17";
				CLANG_CXX_LIBRARY = "libc++";
				CLANG_ENABLE_MODULES = YES;
				CLANG_ENABLE_OBJC_ARC = YES;
				CLANG_ENABLE_OBJC_WEAK = YES;
				CLANG_WARN_BLOCK_CAPTURE_AUTORELEASING = YES;
				CLANG_WARN_BOOL_CONVERSION = YES;
				CLANG_WARN_COMMA = YES;
				CLANG_WARN_CONSTANT_CONVERSION = YES;
				CLANG_WARN_DEPRECATED_OBJC_IMPLEMENTATIONS = YES;
				CLANG_WARN_DIRECT_OBJC_ISA_USAGE = YES_ERROR;
				CLANG_WARN_DOCUMENTATION_COMMENTS = YES;
				CLANG_WARN_EMPTY_BODY = YES;
				CLANG_WARN_ENUM_CONVERSION = YES;
				CLANG_WARN_INFINITE_RECURSION = YES;
				CLANG_WARN_INT_CONVERSION = YES;
				CLANG_WARN_NON_LITERAL_NULL_CONVERSION = YES;
				CLANG_WARN_OBJC_IMPLICIT_RETAIN_SELF = YES;
				CLANG_WARN_OBJC_LITERAL_CONVERSION = YES;
				CLANG_WARN_OBJC_ROOT_CLASS = YES_ERROR;
				CLANG_WARN_QUOTED_INCLUDE_IN_FRAMEWORK_HEADER = YES;
				CLANG_WARN_RANGE_LOOP_ANALYSIS = YES;
				CLANG_WARN_STRICT_PROTOTYPES = YES;
				CLANG_WARN_SUSPICIOUS_MOVE = YES;
				CLANG_WARN_UNGUARDED_AVAILABILITY = YES_AGGRESSIVE;
				CLANG_WARN_UNREACHABLE_CODE = YES;
				CLANG_WARN__DUPLICATE_METHOD_MATCH = YES;
				COPY_PHASE_STRIP = NO;
				DEBUG_INFORMATION_FORMAT = "dwarf-with-dsym";
				ENABLE_NS_ASSERTIONS = NO;
				ENABLE_STRICT_OBJC_MSGSEND = YES;
				GCC_C_LANGUAGE_STANDARD = gnu11;
				GCC_NO_COMMON_BLOCKS = YES;
				GCC_WARN_64_TO_32_BIT_CONVERSION = YES;
				GCC_WARN_ABOUT_RETURN_TYPE = YES_ERROR;
				GCC_WARN_UNDECLARED_SELECTOR = YES;
				GCC_WARN_UNINITIALIZED_AUTOS = YES_AGGRESSIVE;
				GCC_WARN_UNUSED_FUNCTION = YES;
				GCC_WARN_UNUSED_VARIABLE = YES;
				IPHONEOS_DEPLOYMENT_TARGET = 15.0;
				MTL_ENABLE_DEBUG_INFO = NO;
				MTL_FAST_MATH = YES;
				SDKROOT = iphoneos;
				SWIFT_COMPILATION_MODE = wholemodule;
				SWIFT_OPTIMIZATION_LEVEL = "-O";
				VALIDATE_PRODUCT = YES;
			};
			name = Release;
		};
		9A73AA3027AF511A00966BFE /* Debug */ = {
			isa = XCBuildConfiguration;
			baseConfigurationReference = B05A29A22CD821111A15E615 /* Pods-ChartsDemo.debug.xcconfig */;
			buildSettings = {
				ASSETCATALOG_COMPILER_APPICON_NAME = AppIcon;
				ASSETCATALOG_COMPILER_GLOBAL_ACCENT_COLOR_NAME = AccentColor;
				CODE_SIGN_STYLE = Automatic;
				CURRENT_PROJECT_VERSION = 1;
				DEVELOPMENT_TEAM = WC6E33C4AX;
				GENERATE_INFOPLIST_FILE = YES;
				INFOPLIST_FILE = ChartsDemo/Info.plist;
				INFOPLIST_KEY_UIApplicationSupportsIndirectInputEvents = YES;
				INFOPLIST_KEY_UILaunchStoryboardName = LaunchScreen;
				INFOPLIST_KEY_UIMainStoryboardFile = Main;
				INFOPLIST_KEY_UISupportedInterfaceOrientations = UIInterfaceOrientationPortrait;
				INFOPLIST_KEY_UISupportedInterfaceOrientations_iPad = "UIInterfaceOrientationPortrait UIInterfaceOrientationPortraitUpsideDown UIInterfaceOrientationLandscapeLeft UIInterfaceOrientationLandscapeRight";
				INFOPLIST_KEY_UISupportedInterfaceOrientations_iPhone = "UIInterfaceOrientationPortrait UIInterfaceOrientationLandscapeLeft UIInterfaceOrientationLandscapeRight";
				IPHONEOS_DEPLOYMENT_TARGET = 15.0;
				LD_RUNPATH_SEARCH_PATHS = (
					"$(inherited)",
					"@executable_path/Frameworks",
				);
				MARKETING_VERSION = 1.0;
				PRODUCT_BUNDLE_IDENTIFIER = com.robertbernardini.ChartsDemo;
				PRODUCT_NAME = "$(TARGET_NAME)";
				SWIFT_EMIT_LOC_STRINGS = YES;
				SWIFT_VERSION = 5.0;
				TARGETED_DEVICE_FAMILY = 1;
			};
			name = Debug;
		};
		9A73AA3127AF511A00966BFE /* Release */ = {
			isa = XCBuildConfiguration;
			baseConfigurationReference = 47DFFE49A8DCBF3B540B4B20 /* Pods-ChartsDemo.release.xcconfig */;
			buildSettings = {
				ASSETCATALOG_COMPILER_APPICON_NAME = AppIcon;
				ASSETCATALOG_COMPILER_GLOBAL_ACCENT_COLOR_NAME = AccentColor;
				CODE_SIGN_STYLE = Automatic;
				CURRENT_PROJECT_VERSION = 1;
				DEVELOPMENT_TEAM = WC6E33C4AX;
				GENERATE_INFOPLIST_FILE = YES;
				INFOPLIST_FILE = ChartsDemo/Info.plist;
				INFOPLIST_KEY_UIApplicationSupportsIndirectInputEvents = YES;
				INFOPLIST_KEY_UILaunchStoryboardName = LaunchScreen;
				INFOPLIST_KEY_UIMainStoryboardFile = Main;
				INFOPLIST_KEY_UISupportedInterfaceOrientations = UIInterfaceOrientationPortrait;
				INFOPLIST_KEY_UISupportedInterfaceOrientations_iPad = "UIInterfaceOrientationPortrait UIInterfaceOrientationPortraitUpsideDown UIInterfaceOrientationLandscapeLeft UIInterfaceOrientationLandscapeRight";
				INFOPLIST_KEY_UISupportedInterfaceOrientations_iPhone = "UIInterfaceOrientationPortrait UIInterfaceOrientationLandscapeLeft UIInterfaceOrientationLandscapeRight";
				IPHONEOS_DEPLOYMENT_TARGET = 15.0;
				LD_RUNPATH_SEARCH_PATHS = (
					"$(inherited)",
					"@executable_path/Frameworks",
				);
				MARKETING_VERSION = 1.0;
				PRODUCT_BUNDLE_IDENTIFIER = com.robertbernardini.ChartsDemo;
				PRODUCT_NAME = "$(TARGET_NAME)";
				SWIFT_EMIT_LOC_STRINGS = YES;
				SWIFT_VERSION = 5.0;
				TARGETED_DEVICE_FAMILY = 1;
			};
			name = Release;
		};
/* End XCBuildConfiguration section */

/* Begin XCConfigurationList section */
		9A73AA1627AF511700966BFE /* Build configuration list for PBXProject "ChartsDemo" */ = {
			isa = XCConfigurationList;
			buildConfigurations = (
				9A73AA2D27AF511A00966BFE /* Debug */,
				9A73AA2E27AF511A00966BFE /* Release */,
			);
			defaultConfigurationIsVisible = 0;
			defaultConfigurationName = Release;
		};
		9A73AA2F27AF511A00966BFE /* Build configuration list for PBXNativeTarget "ChartsDemo" */ = {
			isa = XCConfigurationList;
			buildConfigurations = (
				9A73AA3027AF511A00966BFE /* Debug */,
				9A73AA3127AF511A00966BFE /* Release */,
			);
			defaultConfigurationIsVisible = 0;
			defaultConfigurationName = Release;
		};
/* End XCConfigurationList section */
	};
	rootObject = 9A73AA1327AF511700966BFE /* Project object */;
}
